PODS:
  - Alamofire (5.6.4)
  - Kingfisher (7.4.1)
  - LocalPod (1.0.0):
    - LocalPodIO
    - Moya/Core
    - SnapKit
  - LocalPod/Tests (1.0.0):
    - LocalPod
  - Moya/Core (15.0.0):
    - Alamofire (~> 5.0)
    - SnapKit (5.6.0)
  - SnapKit (5.6.0)
  - LocalPodIO:
    - Kingfisher (7.4.1)

SPEC REPOS:
  trunk:
    - Alamofire
    - Moya
    - SnapKit

CHECKOUT OPTIONS:
  Kingfisher:
    :commit: 09706e22b1f06786d5256e46aef0d2e1be37d1e1
    :git: https://masked/kingfisher.git
